
Microsoft Visual Studio Solution File, Format Version 12.00
# Visual Studio Version 17
VisualStudioVersion = 17.5.33424.131
MinimumVisualStudioVersion = 10.0.40219.1
Project("{8BC9CEB8-8B4A-11D0-8D11-00A0C91BC942}") = "StylusProgram", "StylusProgram\StylusProgram.vcxproj", "{DC1EF9EC-FE40-4568-98FD-3EEFE0FB0C50}"
EndProject
Global
	GlobalSection(SolutionConfigurationPlatforms) = preSolution
		Debug|x64 = Debug|x64
		Debug|x86 = Debug|x86
		DebugDLL|x64 = DebugDLL|x64
		DebugDLL|x86 = DebugDLL|x86
		DebugOpenSSL|x64 = DebugOpenSSL|x64
		DebugOpenSSL|x86 = DebugOpenSSL|x86
		DebugTesseract|x64 = DebugTesseract|x64
		DebugTesseract|x86 = DebugTesseract|x86
		Memento|x64 = Memento|x64
		Memento|x86 = Memento|x86
		MementoDLL|x64 = MementoDLL|x64
		MementoDLL|x86 = MementoDLL|x86
		MementoOpenSSL|x64 = MementoOpenSSL|x64
		MementoOpenSSL|x86 = MementoOpenSSL|x86
		MementoTesseract|x64 = MementoTesseract|x64
		MementoTesseract|x86 = MementoTesseract|x86
		Release|x64 = Release|x64
		Release|x86 = Release|x86
		ReleaseDLL|x64 = ReleaseDLL|x64
		ReleaseDLL|x86 = ReleaseDLL|x86
		ReleaseOpenSSL|x64 = ReleaseOpenSSL|x64
		ReleaseOpenSSL|x86 = ReleaseOpenSSL|x86
		ReleaseTesseract|x64 = ReleaseTesseract|x64
		ReleaseTesseract|x86 = ReleaseTesseract|x86
	EndGlobalSection
	GlobalSection(ProjectConfigurationPlatforms) = postSolution
		{DC1EF9EC-FE40-4568-98FD-3EEFE0FB0C50}.Debug|x64.ActiveCfg = Debug|x64
		{DC1EF9EC-FE40-4568-98FD-3EEFE0FB0C50}.Debug|x64.Build.0 = Debug|x64
		{DC1EF9EC-FE40-4568-98FD-3EEFE0FB0C50}.Debug|x64.Deploy.0 = Debug|x64
		{DC1EF9EC-FE40-4568-98FD-3EEFE0FB0C50}.Debug|x86.ActiveCfg = Debug|Win32
		{DC1EF9EC-FE40-4568-98FD-3EEFE0FB0C50}.Debug|x86.Build.0 = Debug|Win32
		{DC1EF9EC-FE40-4568-98FD-3EEFE0FB0C50}.DebugDLL|x64.ActiveCfg = Debug|x64
		{DC1EF9EC-FE40-4568-98FD-3EEFE0FB0C50}.DebugDLL|x64.Build.0 = Debug|x64
		{DC1EF9EC-FE40-4568-98FD-3EEFE0FB0C50}.DebugDLL|x64.Deploy.0 = Debug|x64
		{DC1EF9EC-FE40-4568-98FD-3EEFE0FB0C50}.DebugDLL|x86.ActiveCfg = Debug|Win32
		{DC1EF9EC-FE40-4568-98FD-3EEFE0FB0C50}.DebugDLL|x86.Build.0 = Debug|Win32
		{DC1EF9EC-FE40-4568-98FD-3EEFE0FB0C50}.DebugDLL|x86.Deploy.0 = Debug|Win32
		{DC1EF9EC-FE40-4568-98FD-3EEFE0FB0C50}.DebugOpenSSL|x64.ActiveCfg = Debug|x64
		{DC1EF9EC-FE40-4568-98FD-3EEFE0FB0C50}.DebugOpenSSL|x64.Build.0 = Debug|x64
		{DC1EF9EC-FE40-4568-98FD-3EEFE0FB0C50}.DebugOpenSSL|x64.Deploy.0 = Debug|x64
		{DC1EF9EC-FE40-4568-98FD-3EEFE0FB0C50}.DebugOpenSSL|x86.ActiveCfg = Debug|Win32
		{DC1EF9EC-FE40-4568-98FD-3EEFE0FB0C50}.DebugOpenSSL|x86.Build.0 = Debug|Win32
		{DC1EF9EC-FE40-4568-98FD-3EEFE0FB0C50}.DebugOpenSSL|x86.Deploy.0 = Debug|Win32
		{DC1EF9EC-FE40-4568-98FD-3EEFE0FB0C50}.DebugTesseract|x64.ActiveCfg = Debug|x64
		{DC1EF9EC-FE40-4568-98FD-3EEFE0FB0C50}.DebugTesseract|x64.Build.0 = Debug|x64
		{DC1EF9EC-FE40-4568-98FD-3EEFE0FB0C50}.DebugTesseract|x64.Deploy.0 = Debug|x64
		{DC1EF9EC-FE40-4568-98FD-3EEFE0FB0C50}.DebugTesseract|x86.ActiveCfg = Debug|Win32
		{DC1EF9EC-FE40-4568-98FD-3EEFE0FB0C50}.DebugTesseract|x86.Build.0 = Debug|Win32
		{DC1EF9EC-FE40-4568-98FD-3EEFE0FB0C50}.DebugTesseract|x86.Deploy.0 = Debug|Win32
		{DC1EF9EC-FE40-4568-98FD-3EEFE0FB0C50}.Memento|x64.ActiveCfg = Release|x64
		{DC1EF9EC-FE40-4568-98FD-3EEFE0FB0C50}.Memento|x64.Build.0 = Release|x64
		{DC1EF9EC-FE40-4568-98FD-3EEFE0FB0C50}.Memento|x86.ActiveCfg = Release|Win32
		{DC1EF9EC-FE40-4568-98FD-3EEFE0FB0C50}.Memento|x86.Build.0 = Release|Win32
		{DC1EF9EC-FE40-4568-98FD-3EEFE0FB0C50}.Memento|x86.Deploy.0 = Release|Win32
		{DC1EF9EC-FE40-4568-98FD-3EEFE0FB0C50}.MementoDLL|x64.ActiveCfg = Release|x64
		{DC1EF9EC-FE40-4568-98FD-3EEFE0FB0C50}.MementoDLL|x64.Build.0 = Release|x64
		{DC1EF9EC-FE40-4568-98FD-3EEFE0FB0C50}.MementoDLL|x86.ActiveCfg = Release|Win32
		{DC1EF9EC-FE40-4568-98FD-3EEFE0FB0C50}.MementoDLL|x86.Build.0 = Release|Win32
		{DC1EF9EC-FE40-4568-98FD-3EEFE0FB0C50}.MementoDLL|x86.Deploy.0 = Release|Win32
		{DC1EF9EC-FE40-4568-98FD-3EEFE0FB0C50}.MementoOpenSSL|x64.ActiveCfg = Release|x64
		{DC1EF9EC-FE40-4568-98FD-3EEFE0FB0C50}.MementoOpenSSL|x64.Build.0 = Release|x64
		{DC1EF9EC-FE40-4568-98FD-3EEFE0FB0C50}.MementoOpenSSL|x86.ActiveCfg = Release|Win32
		{DC1EF9EC-FE40-4568-98FD-3EEFE0FB0C50}.MementoOpenSSL|x86.Build.0 = Release|Win32
		{DC1EF9EC-FE40-4568-98FD-3EEFE0FB0C50}.MementoOpenSSL|x86.Deploy.0 = Release|Win32
		{DC1EF9EC-FE40-4568-98FD-3EEFE0FB0C50}.MementoTesseract|x64.ActiveCfg = Release|x64
		{DC1EF9EC-FE40-4568-98FD-3EEFE0FB0C50}.MementoTesseract|x64.Build.0 = Release|x64
		{DC1EF9EC-FE40-4568-98FD-3EEFE0FB0C50}.MementoTesseract|x86.ActiveCfg = Release|Win32
		{DC1EF9EC-FE40-4568-98FD-3EEFE0FB0C50}.MementoTesseract|x86.Build.0 = Release|Win32
		{DC1EF9EC-FE40-4568-98FD-3EEFE0FB0C50}.MementoTesseract|x86.Deploy.0 = Release|Win32
		{DC1EF9EC-FE40-4568-98FD-3EEFE0FB0C50}.Release|x64.ActiveCfg = Release|x64
		{DC1EF9EC-FE40-4568-98FD-3EEFE0FB0C50}.Release|x64.Build.0 = Release|x64
		{DC1EF9EC-FE40-4568-98FD-3EEFE0FB0C50}.Release|x64.Deploy.0 = Release|x64
		{DC1EF9EC-FE40-4568-98FD-3EEFE0FB0C50}.Release|x86.ActiveCfg = Release|Win32
		{DC1EF9EC-FE40-4568-98FD-3EEFE0FB0C50}.Release|x86.Build.0 = Release|Win32
		{DC1EF9EC-FE40-4568-98FD-3EEFE0FB0C50}.ReleaseDLL|x64.ActiveCfg = Release|x64
		{DC1EF9EC-FE40-4568-98FD-3EEFE0FB0C50}.ReleaseDLL|x64.Build.0 = Release|x64
		{DC1EF9EC-FE40-4568-98FD-3EEFE0FB0C50}.ReleaseDLL|x86.ActiveCfg = Release|Win32
		{DC1EF9EC-FE40-4568-98FD-3EEFE0FB0C50}.ReleaseDLL|x86.Build.0 = Release|Win32
		{DC1EF9EC-FE40-4568-98FD-3EEFE0FB0C50}.ReleaseDLL|x86.Deploy.0 = Release|Win32
		{DC1EF9EC-FE40-4568-98FD-3EEFE0FB0C50}.ReleaseOpenSSL|x64.ActiveCfg = Release|x64
		{DC1EF9EC-FE40-4568-98FD-3EEFE0FB0C50}.ReleaseOpenSSL|x64.Build.0 = Release|x64
		{DC1EF9EC-FE40-4568-98FD-3EEFE0FB0C50}.ReleaseOpenSSL|x86.ActiveCfg = Release|Win32
		{DC1EF9EC-FE40-4568-98FD-3EEFE0FB0C50}.ReleaseOpenSSL|x86.Build.0 = Release|Win32
		{DC1EF9EC-FE40-4568-98FD-3EEFE0FB0C50}.ReleaseOpenSSL|x86.Deploy.0 = Release|Win32
		{DC1EF9EC-FE40-4568-98FD-3EEFE0FB0C50}.ReleaseTesseract|x64.ActiveCfg = Release|x64
		{DC1EF9EC-FE40-4568-98FD-3EEFE0FB0C50}.ReleaseTesseract|x64.Build.0 = Release|x64
		{DC1EF9EC-FE40-4568-98FD-3EEFE0FB0C50}.ReleaseTesseract|x86.ActiveCfg = Release|Win32
		{DC1EF9EC-FE40-4568-98FD-3EEFE0FB0C50}.ReleaseTesseract|x86.Build.0 = Release|Win32
		{DC1EF9EC-FE40-4568-98FD-3EEFE0FB0C50}.ReleaseTesseract|x86.Deploy.0 = Release|Win32
	EndGlobalSection
	GlobalSection(SolutionProperties) = preSolution
		HideSolutionNode = FALSE
	EndGlobalSection
	GlobalSection(ExtensibilityGlobals) = postSolution
		SolutionGuid = {AB147967-64B1-4E28-9C20-24FF549FFA87}
	EndGlobalSection
EndGlobal
