
Microsoft Visual Studio Solution File, Format Version 12.00
# Visual Studio Version 17
VisualStudioVersion = 17.5.33424.131
MinimumVisualStudioVersion = 10.0.40219.1
Project("{8BC9CEB8-8B4A-11D0-8D11-00A0C91BC942}") = "StylusProgram", "StylusProgram\StylusProgram.vcxproj", "{DC1EF9EC-FE40-4568-98FD-3EEFE0FB0C50}"
EndProject
Global
	GlobalSection(SolutionConfigurationPlatforms) = preSolution
		Debug|x64 = Debug|x64
		Debug|x86 = Debug|x86
		Release|x64 = Release|x64
		Release|x86 = Release|x86
	EndGlobalSection
	GlobalSection(ProjectConfigurationPlatforms) = postSolution
		{DC1EF9EC-FE40-4568-98FD-3EEFE0FB0C50}.Debug|x64.ActiveCfg = Debug|x64
		{DC1EF9EC-FE40-4568-98FD-3EEFE0FB0C50}.Debug|x64.Build.0 = Debug|x64
		{DC1EF9EC-FE40-4568-98FD-3EEFE0FB0C50}.Debug|x64.Deploy.0 = Debug|x64
		{DC1EF9EC-FE40-4568-98FD-3EEFE0FB0C50}.Debug|x86.ActiveCfg = Debug|Win32
		{DC1EF9EC-FE40-4568-98FD-3EEFE0FB0C50}.Debug|x86.Build.0 = Debug|Win32
		{DC1EF9EC-FE40-4568-98FD-3EEFE0FB0C50}.Release|x64.ActiveCfg = Release|x64
		{DC1EF9EC-FE40-4568-98FD-3EEFE0FB0C50}.Release|x64.Build.0 = Release|x64
		{DC1EF9EC-FE40-4568-98FD-3EEFE0FB0C50}.Release|x64.Deploy.0 = Release|x64
		{DC1EF9EC-FE40-4568-98FD-3EEFE0FB0C50}.Release|x86.ActiveCfg = Release|Win32
		{DC1EF9EC-FE40-4568-98FD-3EEFE0FB0C50}.Release|x86.Build.0 = Release|Win32
	EndGlobalSection
	GlobalSection(SolutionProperties) = preSolution
		HideSolutionNode = FALSE
	EndGlobalSection
	GlobalSection(ExtensibilityGlobals) = postSolution
		SolutionGuid = {AB147967-64B1-4E28-9C20-24FF549FFA87}
	EndGlobalSection
EndGlobal
